// !$*UTF8*$!
{
	archiveVersion = 1;
	classes = {
	};
	objectVersion = 56;
	objects = {

/* Begin PBXBuildFile section */
		602B19E62A165C8900F377C0 /* AuthModel.swift in Sources */ = {isa = PBXBuildFile; fileRef = 602B19E52A165C8900F377C0 /* AuthModel.swift */; };
		603BD9E02A188ED00005E123 /* UserFitnessModel.swift in Sources */ = {isa = PBXBuildFile; fileRef = 603BD9DF2A188ED00005E123 /* UserFitnessModel.swift */; };
		603BD9E42A18CCF50005E123 /* UserHealthService.swift in Sources */ = {isa = PBXBuildFile; fileRef = 603BD9E32A18CCF50005E123 /* UserHealthService.swift */; };
		6049BF892A14C00400C369AA /* AppDelegate.swift in Sources */ = {isa = PBXBuildFile; fileRef = 6049BF882A14C00400C369AA /* AppDelegate.swift */; };
		6049BF8B2A14C00400C369AA /* SceneDelegate.swift in Sources */ = {isa = PBXBuildFile; fileRef = 6049BF8A2A14C00400C369AA /* SceneDelegate.swift */; };
		6049BF8D2A14C00400C369AA /* TempHomeViewController.swift in Sources */ = {isa = PBXBuildFile; fileRef = 6049BF8C2A14C00400C369AA /* TempHomeViewController.swift */; };
		6049BF922A14C00700C369AA /* Assets.xcassets in Resources */ = {isa = PBXBuildFile; fileRef = 6049BF912A14C00700C369AA /* Assets.xcassets */; };
		6049BF952A14C00700C369AA /* LaunchScreen.storyboard in Resources */ = {isa = PBXBuildFile; fileRef = 6049BF932A14C00700C369AA /* LaunchScreen.storyboard */; };
		6049BF9D2A14C05C00C369AA /* .gitignore in Resources */ = {isa = PBXBuildFile; fileRef = 6049BF9C2A14C05C00C369AA /* .gitignore */; };
		6049BFA12A14D28600C369AA /* SnapKit in Frameworks */ = {isa = PBXBuildFile; productRef = 6049BFA02A14D28600C369AA /* SnapKit */; };
		6049BFA32A14D34600C369AA /* AppThemeData.swift in Sources */ = {isa = PBXBuildFile; fileRef = 6049BFA22A14D34600C369AA /* AppThemeData.swift */; };
		604EE7402A154BD800D2598D /* FormValidator.swift in Sources */ = {isa = PBXBuildFile; fileRef = 604EE73F2A154BD800D2598D /* FormValidator.swift */; };
		605C14412A172DE000DCCC8D /* UserAccountService.swift in Sources */ = {isa = PBXBuildFile; fileRef = 605C14402A172DE000DCCC8D /* UserAccountService.swift */; };
		605C14462A1741B700DCCC8D /* HomeViewController.swift in Sources */ = {isa = PBXBuildFile; fileRef = 605C14452A1741B700DCCC8D /* HomeViewController.swift */; };
		605C14482A17421F00DCCC8D /* WorkoutsViewController.swift in Sources */ = {isa = PBXBuildFile; fileRef = 605C14472A17421F00DCCC8D /* WorkoutsViewController.swift */; };
		605C144A2A17423500DCCC8D /* ProgressViewController.swift in Sources */ = {isa = PBXBuildFile; fileRef = 605C14492A17423500DCCC8D /* ProgressViewController.swift */; };
		605C144C2A17424B00DCCC8D /* NutritionViewController.swift in Sources */ = {isa = PBXBuildFile; fileRef = 605C144B2A17424B00DCCC8D /* NutritionViewController.swift */; };
		605C144E2A17425E00DCCC8D /* ProfileViewController.swift in Sources */ = {isa = PBXBuildFile; fileRef = 605C144D2A17425E00DCCC8D /* ProfileViewController.swift */; };
		605C14502A17427300DCCC8D /* MainTabBarController.swift in Sources */ = {isa = PBXBuildFile; fileRef = 605C144F2A17427300DCCC8D /* MainTabBarController.swift */; };
		605C14522A17431B00DCCC8D /* HomeView.swift in Sources */ = {isa = PBXBuildFile; fileRef = 605C14512A17431B00DCCC8D /* HomeView.swift */; };
		605C14542A17433600DCCC8D /* WorkoutsView.swift in Sources */ = {isa = PBXBuildFile; fileRef = 605C14532A17433600DCCC8D /* WorkoutsView.swift */; };
		605C14562A17434D00DCCC8D /* ProgressView.swift in Sources */ = {isa = PBXBuildFile; fileRef = 605C14552A17434D00DCCC8D /* ProgressView.swift */; };
		605C14582A17436400DCCC8D /* NutritionView.swift in Sources */ = {isa = PBXBuildFile; fileRef = 605C14572A17436400DCCC8D /* NutritionView.swift */; };
		605C145A2A17437E00DCCC8D /* ProfileView.swift in Sources */ = {isa = PBXBuildFile; fileRef = 605C14592A17437E00DCCC8D /* ProfileView.swift */; };
		605C145C2A17645900DCCC8D /* UserHealthModel.swift in Sources */ = {isa = PBXBuildFile; fileRef = 605C145B2A17645900DCCC8D /* UserHealthModel.swift */; };
		605C145E2A17689D00DCCC8D /* CTabHeader.swift in Sources */ = {isa = PBXBuildFile; fileRef = 605C145D2A17689D00DCCC8D /* CTabHeader.swift */; };
		6062D7292A19BF11008B05A9 /* CardModel.swift in Sources */ = {isa = PBXBuildFile; fileRef = 6062D7282A19BF11008B05A9 /* CardModel.swift */; };
		6062D72B2A19DC4B008B05A9 /* CardCell.swift in Sources */ = {isa = PBXBuildFile; fileRef = 6062D72A2A19DC4B008B05A9 /* CardCell.swift */; };
		6062D7312A19F097008B05A9 /* WorkoutLevelCardCell.swift in Sources */ = {isa = PBXBuildFile; fileRef = 6062D7302A19F097008B05A9 /* WorkoutLevelCardCell.swift */; };
		6062D7342A1A017C008B05A9 /* SDWebImage in Frameworks */ = {isa = PBXBuildFile; productRef = 6062D7332A1A017C008B05A9 /* SDWebImage */; };
		6062E3012A1FD21D0010CA33 /* WorkoutService.swift in Sources */ = {isa = PBXBuildFile; fileRef = 6062E3002A1FD21D0010CA33 /* WorkoutService.swift */; };
		6076A7542A1A210B002DC795 /* FirebaseToken.swift in Sources */ = {isa = PBXBuildFile; fileRef = 6076A7532A1A210B002DC795 /* FirebaseToken.swift */; };
		6076A7582A1A3602002DC795 /* AboutWorkoutViewController.swift in Sources */ = {isa = PBXBuildFile; fileRef = 6076A7572A1A3602002DC795 /* AboutWorkoutViewController.swift */; };
		6076A75A2A1A3620002DC795 /* AboutWorkoutView.swift in Sources */ = {isa = PBXBuildFile; fileRef = 6076A7592A1A3620002DC795 /* AboutWorkoutView.swift */; };
		6076A75C2A1A49E6002DC795 /* AboutExViewController.swift in Sources */ = {isa = PBXBuildFile; fileRef = 6076A75B2A1A49E6002DC795 /* AboutExViewController.swift */; };
		6076A75E2A1A49F4002DC795 /* AboutExView.swift in Sources */ = {isa = PBXBuildFile; fileRef = 6076A75D2A1A49F4002DC795 /* AboutExView.swift */; };
		6076A7642A1A7D07002DC795 /* WorkoutModel.swift in Sources */ = {isa = PBXBuildFile; fileRef = 6076A7632A1A7D07002DC795 /* WorkoutModel.swift */; };
		60789E362A17E335004AEAAE /* UpdateHealthDetailsView.swift in Sources */ = {isa = PBXBuildFile; fileRef = 60789E352A17E335004AEAAE /* UpdateHealthDetailsView.swift */; };
		60789E382A17E354004AEAAE /* UpdateHealthDetailsViewController.swift in Sources */ = {isa = PBXBuildFile; fileRef = 60789E372A17E354004AEAAE /* UpdateHealthDetailsViewController.swift */; };
		607B16432A1E667300A271FB /* DateTimeHelper.swift in Sources */ = {isa = PBXBuildFile; fileRef = 607B16422A1E667300A271FB /* DateTimeHelper.swift */; };
		607F0EDC2A1661CE0047DAB2 /* AuthService.swift in Sources */ = {isa = PBXBuildFile; fileRef = 607F0EDB2A1661CE0047DAB2 /* AuthService.swift */; };
		607F0EDF2A1666D70047DAB2 /* MBProgressHUD in Frameworks */ = {isa = PBXBuildFile; productRef = 607F0EDE2A1666D70047DAB2 /* MBProgressHUD */; };
		608DBD9F2A2095C200D08CB6 /* WorkoutViewExtension.swift in Sources */ = {isa = PBXBuildFile; fileRef = 608DBD9E2A2095C200D08CB6 /* WorkoutViewExtension.swift */; };
		608DBDA12A20A8E000D08CB6 /* CollectionViewsWrapper.swift in Sources */ = {isa = PBXBuildFile; fileRef = 608DBDA02A20A8E000D08CB6 /* CollectionViewsWrapper.swift */; };
		6093D4D92A1938F000B1ADA1 /* UserModel.swift in Sources */ = {isa = PBXBuildFile; fileRef = 6093D4D82A1938F000B1ADA1 /* UserModel.swift */; };
		6093D4DD2A19469800B1ADA1 /* HealthDataViewController.swift in Sources */ = {isa = PBXBuildFile; fileRef = 6093D4DC2A19469800B1ADA1 /* HealthDataViewController.swift */; };
		6093D4DF2A1946A600B1ADA1 /* HealthDataView.swift in Sources */ = {isa = PBXBuildFile; fileRef = 6093D4DE2A1946A600B1ADA1 /* HealthDataView.swift */; };
		6093D4E12A19470600B1ADA1 /* FitnessDataView.swift in Sources */ = {isa = PBXBuildFile; fileRef = 6093D4E02A19470600B1ADA1 /* FitnessDataView.swift */; };
		6093D4E32A19471400B1ADA1 /* FitnessDataViewController.swift in Sources */ = {isa = PBXBuildFile; fileRef = 6093D4E22A19471400B1ADA1 /* FitnessDataViewController.swift */; };
		6093D4E52A194A7F00B1ADA1 /* CreateAccountView.swift in Sources */ = {isa = PBXBuildFile; fileRef = 6093D4E42A194A7F00B1ADA1 /* CreateAccountView.swift */; };
		6093D4E72A194A8E00B1ADA1 /* CreateAccountViewController.swift in Sources */ = {isa = PBXBuildFile; fileRef = 6093D4E62A194A8E00B1ADA1 /* CreateAccountViewController.swift */; };
		6093D4EA2A194F8900B1ADA1 /* UserService.swift in Sources */ = {isa = PBXBuildFile; fileRef = 6093D4E92A194F8900B1ADA1 /* UserService.swift */; };
		6093D4EC2A1963F100B1ADA1 /* SampleCodes.swift in Sources */ = {isa = PBXBuildFile; fileRef = 6093D4EB2A1963F100B1ADA1 /* SampleCodes.swift */; };
		609F20B62A22F4E2001E3D37 /* WorkoutLevelModel.swift in Sources */ = {isa = PBXBuildFile; fileRef = 609F20B52A22F4E2001E3D37 /* WorkoutLevelModel.swift */; };
		609F20B82A23045A001E3D37 /* AboutWorkoutViewExtension.swift in Sources */ = {isa = PBXBuildFile; fileRef = 609F20B72A23045A001E3D37 /* AboutWorkoutViewExtension.swift */; };
		609F20BA2A23050D001E3D37 /* WorkoutCardCell.swift in Sources */ = {isa = PBXBuildFile; fileRef = 609F20B92A23050D001E3D37 /* WorkoutCardCell.swift */; };
		609F20BD2A2330CE001E3D37 /* YouTubeiOSPlayerHelper in Frameworks */ = {isa = PBXBuildFile; productRef = 609F20BC2A2330CE001E3D37 /* YouTubeiOSPlayerHelper */; };
		609F20BF2A2373DF001E3D37 /* AddScheduleView.swift in Sources */ = {isa = PBXBuildFile; fileRef = 609F20BE2A2373DF001E3D37 /* AddScheduleView.swift */; };
		609F20C12A237413001E3D37 /* AddScheduleViewController.swift in Sources */ = {isa = PBXBuildFile; fileRef = 609F20C02A237413001E3D37 /* AddScheduleViewController.swift */; };
		609F20C32A2377CD001E3D37 /* UserScheduleModel.swift in Sources */ = {isa = PBXBuildFile; fileRef = 609F20C22A2377CD001E3D37 /* UserScheduleModel.swift */; };
		609F20C52A239188001E3D37 /* AlertDialogWrapper.swift in Sources */ = {isa = PBXBuildFile; fileRef = 609F20C42A239188001E3D37 /* AlertDialogWrapper.swift */; };
		609F20C72A239C42001E3D37 /* UserAccountModel.swift in Sources */ = {isa = PBXBuildFile; fileRef = 609F20C62A239C41001E3D37 /* UserAccountModel.swift */; };
		609F20C92A239CF5001E3D37 /* UserScheduleService.swift in Sources */ = {isa = PBXBuildFile; fileRef = 609F20C82A239CF5001E3D37 /* UserScheduleService.swift */; };
		60A4663A2A167D62003609B3 /* FirebaseAnalytics in Frameworks */ = {isa = PBXBuildFile; productRef = 60A466392A167D62003609B3 /* FirebaseAnalytics */; };
		60A4663C2A167D62003609B3 /* FirebaseAuth in Frameworks */ = {isa = PBXBuildFile; productRef = 60A4663B2A167D62003609B3 /* FirebaseAuth */; };
		60A4663E2A167D62003609B3 /* FirebaseFirestore in Frameworks */ = {isa = PBXBuildFile; productRef = 60A4663D2A167D62003609B3 /* FirebaseFirestore */; };
		60A466402A167DE9003609B3 /* GoogleService-Info.plist in Resources */ = {isa = PBXBuildFile; fileRef = 60A4663F2A167DE9003609B3 /* GoogleService-Info.plist */; };
		60B193D82A15D74B0045FCAF /* Raleway-ExtraBold.ttf in Resources */ = {isa = PBXBuildFile; fileRef = 60B193C62A15D7490045FCAF /* Raleway-ExtraBold.ttf */; };
		60B193D92A15D74B0045FCAF /* Raleway-Thin.ttf in Resources */ = {isa = PBXBuildFile; fileRef = 60B193C72A15D74A0045FCAF /* Raleway-Thin.ttf */; };
		60B193DA2A15D74B0045FCAF /* Raleway-Black.ttf in Resources */ = {isa = PBXBuildFile; fileRef = 60B193C82A15D74A0045FCAF /* Raleway-Black.ttf */; };
		60B193DB2A15D74B0045FCAF /* Raleway-SemiBoldItalic.ttf in Resources */ = {isa = PBXBuildFile; fileRef = 60B193C92A15D74A0045FCAF /* Raleway-SemiBoldItalic.ttf */; };
		60B193DC2A15D74B0045FCAF /* Raleway-BoldItalic.ttf in Resources */ = {isa = PBXBuildFile; fileRef = 60B193CA2A15D74A0045FCAF /* Raleway-BoldItalic.ttf */; };
		60B193DD2A15D74B0045FCAF /* Raleway-ExtraBoldItalic.ttf in Resources */ = {isa = PBXBuildFile; fileRef = 60B193CB2A15D74A0045FCAF /* Raleway-ExtraBoldItalic.ttf */; };
		60B193DE2A15D74B0045FCAF /* Raleway-ExtraLightItalic.ttf in Resources */ = {isa = PBXBuildFile; fileRef = 60B193CC2A15D74A0045FCAF /* Raleway-ExtraLightItalic.ttf */; };
		60B193DF2A15D74B0045FCAF /* Raleway-Bold.ttf in Resources */ = {isa = PBXBuildFile; fileRef = 60B193CD2A15D74A0045FCAF /* Raleway-Bold.ttf */; };
		60B193E02A15D74B0045FCAF /* Raleway-Light.ttf in Resources */ = {isa = PBXBuildFile; fileRef = 60B193CE2A15D74A0045FCAF /* Raleway-Light.ttf */; };
		60B193E12A15D74B0045FCAF /* Raleway-SemiBold.ttf in Resources */ = {isa = PBXBuildFile; fileRef = 60B193CF2A15D74A0045FCAF /* Raleway-SemiBold.ttf */; };
		60B193E22A15D74B0045FCAF /* Raleway-MediumItalic.ttf in Resources */ = {isa = PBXBuildFile; fileRef = 60B193D02A15D74B0045FCAF /* Raleway-MediumItalic.ttf */; };
		60B193E32A15D74B0045FCAF /* Raleway-Italic.ttf in Resources */ = {isa = PBXBuildFile; fileRef = 60B193D12A15D74B0045FCAF /* Raleway-Italic.ttf */; };
		60B193E42A15D74B0045FCAF /* Raleway-Regular.ttf in Resources */ = {isa = PBXBuildFile; fileRef = 60B193D22A15D74B0045FCAF /* Raleway-Regular.ttf */; };
		60B193E52A15D74B0045FCAF /* Raleway-ThinItalic.ttf in Resources */ = {isa = PBXBuildFile; fileRef = 60B193D32A15D74B0045FCAF /* Raleway-ThinItalic.ttf */; };
		60B193E62A15D74B0045FCAF /* Raleway-ExtraLight.ttf in Resources */ = {isa = PBXBuildFile; fileRef = 60B193D42A15D74B0045FCAF /* Raleway-ExtraLight.ttf */; };
		60B193E72A15D74B0045FCAF /* Raleway-Medium.ttf in Resources */ = {isa = PBXBuildFile; fileRef = 60B193D52A15D74B0045FCAF /* Raleway-Medium.ttf */; };
		60B193E82A15D74B0045FCAF /* Raleway-LightItalic.ttf in Resources */ = {isa = PBXBuildFile; fileRef = 60B193D62A15D74B0045FCAF /* Raleway-LightItalic.ttf */; };
		60B193E92A15D74B0045FCAF /* Raleway-BlackItalic.ttf in Resources */ = {isa = PBXBuildFile; fileRef = 60B193D72A15D74B0045FCAF /* Raleway-BlackItalic.ttf */; };
		60B193EC2A15F0120045FCAF /* LogInView.swift in Sources */ = {isa = PBXBuildFile; fileRef = 60B193EB2A15F0120045FCAF /* LogInView.swift */; };
		60B193EE2A15F0250045FCAF /* LogInViewController.swift in Sources */ = {isa = PBXBuildFile; fileRef = 60B193ED2A15F0250045FCAF /* LogInViewController.swift */; };
		60B1F4102A18F662006FA39A /* UpdateFitnessDetailsView.swift in Sources */ = {isa = PBXBuildFile; fileRef = 60B1F40F2A18F662006FA39A /* UpdateFitnessDetailsView.swift */; };
		60B1F4122A18F685006FA39A /* UpdateFitnessDetailsViewController.swift in Sources */ = {isa = PBXBuildFile; fileRef = 60B1F4112A18F685006FA39A /* UpdateFitnessDetailsViewController.swift */; };
		60B1F4142A18F6BB006FA39A /* UserFitnessService.swift in Sources */ = {isa = PBXBuildFile; fileRef = 60B1F4132A18F6BB006FA39A /* UserFitnessService.swift */; };
		60B8E5D22A14FA0D00547439 /* TempHomeView.swift in Sources */ = {isa = PBXBuildFile; fileRef = 60B8E5D12A14FA0D00547439 /* TempHomeView.swift */; };
		60B8E5D72A1510A000547439 /* SignUpView.swift in Sources */ = {isa = PBXBuildFile; fileRef = 60B8E5D62A1510A000547439 /* SignUpView.swift */; };
		60B8E5D92A1510DB00547439 /* SignUpViewController.swift in Sources */ = {isa = PBXBuildFile; fileRef = 60B8E5D82A1510DB00547439 /* SignUpViewController.swift */; };
		60B8E5DF2A1535E200547439 /* CAuthHeader.swift in Sources */ = {isa = PBXBuildFile; fileRef = 60B8E5DE2A1535E200547439 /* CAuthHeader.swift */; };
		60FBB1B52A1CF96700D6729C /* LabelWrapper.swift in Sources */ = {isa = PBXBuildFile; fileRef = 60FBB1B42A1CF96700D6729C /* LabelWrapper.swift */; };
		60FBB1B72A1CFD0500D6729C /* ButtonWrapper.swift in Sources */ = {isa = PBXBuildFile; fileRef = 60FBB1B62A1CFD0500D6729C /* ButtonWrapper.swift */; };
		60FBB1B92A1CFD6600D6729C /* TextFieldWrapper.swift in Sources */ = {isa = PBXBuildFile; fileRef = 60FBB1B82A1CFD6600D6729C /* TextFieldWrapper.swift */; };
		60FBB1BB2A1D237500D6729C /* BMIHelper.swift in Sources */ = {isa = PBXBuildFile; fileRef = 60FBB1BA2A1D237500D6729C /* BMIHelper.swift */; };
		60FBB1BD2A1D2E4D00D6729C /* GreetingHelper.swift in Sources */ = {isa = PBXBuildFile; fileRef = 60FBB1BC2A1D2E4D00D6729C /* GreetingHelper.swift */; };
/* End PBXBuildFile section */

/* Begin PBXFileReference section */
		602B19E52A165C8900F377C0 /* AuthModel.swift */ = {isa = PBXFileReference; lastKnownFileType = sourcecode.swift; path = AuthModel.swift; sourceTree = "<group>"; };
		603BD9DF2A188ED00005E123 /* UserFitnessModel.swift */ = {isa = PBXFileReference; lastKnownFileType = sourcecode.swift; path = UserFitnessModel.swift; sourceTree = "<group>"; };
		603BD9E32A18CCF50005E123 /* UserHealthService.swift */ = {isa = PBXFileReference; lastKnownFileType = sourcecode.swift; path = UserHealthService.swift; sourceTree = "<group>"; };
		6049BF852A14C00400C369AA /* FitnessFlow.app */ = {isa = PBXFileReference; explicitFileType = wrapper.application; includeInIndex = 0; path = FitnessFlow.app; sourceTree = BUILT_PRODUCTS_DIR; };
		6049BF882A14C00400C369AA /* AppDelegate.swift */ = {isa = PBXFileReference; lastKnownFileType = sourcecode.swift; path = AppDelegate.swift; sourceTree = "<group>"; };
		6049BF8A2A14C00400C369AA /* SceneDelegate.swift */ = {isa = PBXFileReference; lastKnownFileType = sourcecode.swift; path = SceneDelegate.swift; sourceTree = "<group>"; };
		6049BF8C2A14C00400C369AA /* TempHomeViewController.swift */ = {isa = PBXFileReference; lastKnownFileType = sourcecode.swift; path = TempHomeViewController.swift; sourceTree = "<group>"; };
		6049BF912A14C00700C369AA /* Assets.xcassets */ = {isa = PBXFileReference; lastKnownFileType = folder.assetcatalog; path = Assets.xcassets; sourceTree = "<group>"; };
		6049BF942A14C00700C369AA /* Base */ = {isa = PBXFileReference; lastKnownFileType = file.storyboard; name = Base; path = Base.lproj/LaunchScreen.storyboard; sourceTree = "<group>"; };
		6049BF962A14C00700C369AA /* Info.plist */ = {isa = PBXFileReference; lastKnownFileType = text.plist.xml; path = Info.plist; sourceTree = "<group>"; };
		6049BF9C2A14C05C00C369AA /* .gitignore */ = {isa = PBXFileReference; lastKnownFileType = text; path = .gitignore; sourceTree = "<group>"; };
		6049BF9E2A14CDDC00C369AA /* README.md */ = {isa = PBXFileReference; lastKnownFileType = net.daringfireball.markdown; path = README.md; sourceTree = "<group>"; };
		6049BFA22A14D34600C369AA /* AppThemeData.swift */ = {isa = PBXFileReference; lastKnownFileType = sourcecode.swift; path = AppThemeData.swift; sourceTree = "<group>"; };
		604EE73F2A154BD800D2598D /* FormValidator.swift */ = {isa = PBXFileReference; lastKnownFileType = sourcecode.swift; path = FormValidator.swift; sourceTree = "<group>"; };
		605C14402A172DE000DCCC8D /* UserAccountService.swift */ = {isa = PBXFileReference; lastKnownFileType = sourcecode.swift; path = UserAccountService.swift; sourceTree = "<group>"; };
		605C14422A17374300DCCC8D /* TODO.md */ = {isa = PBXFileReference; lastKnownFileType = net.daringfireball.markdown; path = TODO.md; sourceTree = "<group>"; };
		605C14452A1741B700DCCC8D /* HomeViewController.swift */ = {isa = PBXFileReference; lastKnownFileType = sourcecode.swift; path = HomeViewController.swift; sourceTree = "<group>"; };
		605C14472A17421F00DCCC8D /* WorkoutsViewController.swift */ = {isa = PBXFileReference; lastKnownFileType = sourcecode.swift; path = WorkoutsViewController.swift; sourceTree = "<group>"; };
		605C14492A17423500DCCC8D /* ProgressViewController.swift */ = {isa = PBXFileReference; lastKnownFileType = sourcecode.swift; path = ProgressViewController.swift; sourceTree = "<group>"; };
		605C144B2A17424B00DCCC8D /* NutritionViewController.swift */ = {isa = PBXFileReference; lastKnownFileType = sourcecode.swift; path = NutritionViewController.swift; sourceTree = "<group>"; };
		605C144D2A17425E00DCCC8D /* ProfileViewController.swift */ = {isa = PBXFileReference; lastKnownFileType = sourcecode.swift; path = ProfileViewController.swift; sourceTree = "<group>"; };
		605C144F2A17427300DCCC8D /* MainTabBarController.swift */ = {isa = PBXFileReference; lastKnownFileType = sourcecode.swift; path = MainTabBarController.swift; sourceTree = "<group>"; };
		605C14512A17431B00DCCC8D /* HomeView.swift */ = {isa = PBXFileReference; lastKnownFileType = sourcecode.swift; path = HomeView.swift; sourceTree = "<group>"; };
		605C14532A17433600DCCC8D /* WorkoutsView.swift */ = {isa = PBXFileReference; lastKnownFileType = sourcecode.swift; path = WorkoutsView.swift; sourceTree = "<group>"; };
		605C14552A17434D00DCCC8D /* ProgressView.swift */ = {isa = PBXFileReference; lastKnownFileType = sourcecode.swift; path = ProgressView.swift; sourceTree = "<group>"; };
		605C14572A17436400DCCC8D /* NutritionView.swift */ = {isa = PBXFileReference; lastKnownFileType = sourcecode.swift; path = NutritionView.swift; sourceTree = "<group>"; };
		605C14592A17437E00DCCC8D /* ProfileView.swift */ = {isa = PBXFileReference; lastKnownFileType = sourcecode.swift; path = ProfileView.swift; sourceTree = "<group>"; };
		605C145B2A17645900DCCC8D /* UserHealthModel.swift */ = {isa = PBXFileReference; lastKnownFileType = sourcecode.swift; path = UserHealthModel.swift; sourceTree = "<group>"; };
		605C145D2A17689D00DCCC8D /* CTabHeader.swift */ = {isa = PBXFileReference; lastKnownFileType = sourcecode.swift; path = CTabHeader.swift; sourceTree = "<group>"; };
		6062D7282A19BF11008B05A9 /* CardModel.swift */ = {isa = PBXFileReference; lastKnownFileType = sourcecode.swift; path = CardModel.swift; sourceTree = "<group>"; };
		6062D72A2A19DC4B008B05A9 /* CardCell.swift */ = {isa = PBXFileReference; lastKnownFileType = sourcecode.swift; path = CardCell.swift; sourceTree = "<group>"; };
		6062D7302A19F097008B05A9 /* WorkoutLevelCardCell.swift */ = {isa = PBXFileReference; lastKnownFileType = sourcecode.swift; path = WorkoutLevelCardCell.swift; sourceTree = "<group>"; };
		6062E3002A1FD21D0010CA33 /* WorkoutService.swift */ = {isa = PBXFileReference; lastKnownFileType = sourcecode.swift; path = WorkoutService.swift; sourceTree = "<group>"; };
		6076A7532A1A210B002DC795 /* FirebaseToken.swift */ = {isa = PBXFileReference; lastKnownFileType = sourcecode.swift; path = FirebaseToken.swift; sourceTree = "<group>"; };
		6076A7572A1A3602002DC795 /* AboutWorkoutViewController.swift */ = {isa = PBXFileReference; lastKnownFileType = sourcecode.swift; path = AboutWorkoutViewController.swift; sourceTree = "<group>"; };
		6076A7592A1A3620002DC795 /* AboutWorkoutView.swift */ = {isa = PBXFileReference; lastKnownFileType = sourcecode.swift; path = AboutWorkoutView.swift; sourceTree = "<group>"; };
		6076A75B2A1A49E6002DC795 /* AboutExViewController.swift */ = {isa = PBXFileReference; lastKnownFileType = sourcecode.swift; path = AboutExViewController.swift; sourceTree = "<group>"; };
		6076A75D2A1A49F4002DC795 /* AboutExView.swift */ = {isa = PBXFileReference; lastKnownFileType = sourcecode.swift; path = AboutExView.swift; sourceTree = "<group>"; };
		6076A7632A1A7D07002DC795 /* WorkoutModel.swift */ = {isa = PBXFileReference; lastKnownFileType = sourcecode.swift; path = WorkoutModel.swift; sourceTree = "<group>"; };
		60789E352A17E335004AEAAE /* UpdateHealthDetailsView.swift */ = {isa = PBXFileReference; lastKnownFileType = sourcecode.swift; path = UpdateHealthDetailsView.swift; sourceTree = "<group>"; };
		60789E372A17E354004AEAAE /* UpdateHealthDetailsViewController.swift */ = {isa = PBXFileReference; lastKnownFileType = sourcecode.swift; path = UpdateHealthDetailsViewController.swift; sourceTree = "<group>"; };
		607B16422A1E667300A271FB /* DateTimeHelper.swift */ = {isa = PBXFileReference; lastKnownFileType = sourcecode.swift; path = DateTimeHelper.swift; sourceTree = "<group>"; };
		607F0EDB2A1661CE0047DAB2 /* AuthService.swift */ = {isa = PBXFileReference; lastKnownFileType = sourcecode.swift; path = AuthService.swift; sourceTree = "<group>"; };
		608DBD9E2A2095C200D08CB6 /* WorkoutViewExtension.swift */ = {isa = PBXFileReference; lastKnownFileType = sourcecode.swift; path = WorkoutViewExtension.swift; sourceTree = "<group>"; };
		608DBDA02A20A8E000D08CB6 /* CollectionViewsWrapper.swift */ = {isa = PBXFileReference; lastKnownFileType = sourcecode.swift; path = CollectionViewsWrapper.swift; sourceTree = "<group>"; };
		6093D4D82A1938F000B1ADA1 /* UserModel.swift */ = {isa = PBXFileReference; lastKnownFileType = sourcecode.swift; path = UserModel.swift; sourceTree = "<group>"; };
		6093D4DC2A19469800B1ADA1 /* HealthDataViewController.swift */ = {isa = PBXFileReference; lastKnownFileType = sourcecode.swift; path = HealthDataViewController.swift; sourceTree = "<group>"; };
		6093D4DE2A1946A600B1ADA1 /* HealthDataView.swift */ = {isa = PBXFileReference; lastKnownFileType = sourcecode.swift; path = HealthDataView.swift; sourceTree = "<group>"; };
		6093D4E02A19470600B1ADA1 /* FitnessDataView.swift */ = {isa = PBXFileReference; lastKnownFileType = sourcecode.swift; path = FitnessDataView.swift; sourceTree = "<group>"; };
		6093D4E22A19471400B1ADA1 /* FitnessDataViewController.swift */ = {isa = PBXFileReference; lastKnownFileType = sourcecode.swift; path = FitnessDataViewController.swift; sourceTree = "<group>"; };
		6093D4E42A194A7F00B1ADA1 /* CreateAccountView.swift */ = {isa = PBXFileReference; lastKnownFileType = sourcecode.swift; path = CreateAccountView.swift; sourceTree = "<group>"; };
		6093D4E62A194A8E00B1ADA1 /* CreateAccountViewController.swift */ = {isa = PBXFileReference; lastKnownFileType = sourcecode.swift; path = CreateAccountViewController.swift; sourceTree = "<group>"; };
		6093D4E92A194F8900B1ADA1 /* UserService.swift */ = {isa = PBXFileReference; lastKnownFileType = sourcecode.swift; path = UserService.swift; sourceTree = "<group>"; };
		6093D4EB2A1963F100B1ADA1 /* SampleCodes.swift */ = {isa = PBXFileReference; lastKnownFileType = sourcecode.swift; path = SampleCodes.swift; sourceTree = "<group>"; };
		609F20B52A22F4E2001E3D37 /* WorkoutLevelModel.swift */ = {isa = PBXFileReference; lastKnownFileType = sourcecode.swift; path = WorkoutLevelModel.swift; sourceTree = "<group>"; };
		609F20B72A23045A001E3D37 /* AboutWorkoutViewExtension.swift */ = {isa = PBXFileReference; lastKnownFileType = sourcecode.swift; path = AboutWorkoutViewExtension.swift; sourceTree = "<group>"; };
		609F20B92A23050D001E3D37 /* WorkoutCardCell.swift */ = {isa = PBXFileReference; lastKnownFileType = sourcecode.swift; path = WorkoutCardCell.swift; sourceTree = "<group>"; };
		609F20BE2A2373DF001E3D37 /* AddScheduleView.swift */ = {isa = PBXFileReference; lastKnownFileType = sourcecode.swift; path = AddScheduleView.swift; sourceTree = "<group>"; };
		609F20C02A237413001E3D37 /* AddScheduleViewController.swift */ = {isa = PBXFileReference; lastKnownFileType = sourcecode.swift; path = AddScheduleViewController.swift; sourceTree = "<group>"; };
		609F20C22A2377CD001E3D37 /* UserScheduleModel.swift */ = {isa = PBXFileReference; lastKnownFileType = sourcecode.swift; path = UserScheduleModel.swift; sourceTree = "<group>"; };
		609F20C42A239188001E3D37 /* AlertDialogWrapper.swift */ = {isa = PBXFileReference; lastKnownFileType = sourcecode.swift; path = AlertDialogWrapper.swift; sourceTree = "<group>"; };
		609F20C62A239C41001E3D37 /* UserAccountModel.swift */ = {isa = PBXFileReference; fileEncoding = 4; lastKnownFileType = sourcecode.swift; path = UserAccountModel.swift; sourceTree = "<group>"; };
		609F20C82A239CF5001E3D37 /* UserScheduleService.swift */ = {isa = PBXFileReference; lastKnownFileType = sourcecode.swift; path = UserScheduleService.swift; sourceTree = "<group>"; };
		60A4663F2A167DE9003609B3 /* GoogleService-Info.plist */ = {isa = PBXFileReference; fileEncoding = 4; lastKnownFileType = text.plist.xml; path = "GoogleService-Info.plist"; sourceTree = "<group>"; };
		60B193C62A15D7490045FCAF /* Raleway-ExtraBold.ttf */ = {isa = PBXFileReference; lastKnownFileType = file; path = "Raleway-ExtraBold.ttf"; sourceTree = "<group>"; };
		60B193C72A15D74A0045FCAF /* Raleway-Thin.ttf */ = {isa = PBXFileReference; lastKnownFileType = file; path = "Raleway-Thin.ttf"; sourceTree = "<group>"; };
		60B193C82A15D74A0045FCAF /* Raleway-Black.ttf */ = {isa = PBXFileReference; lastKnownFileType = file; path = "Raleway-Black.ttf"; sourceTree = "<group>"; };
		60B193C92A15D74A0045FCAF /* Raleway-SemiBoldItalic.ttf */ = {isa = PBXFileReference; lastKnownFileType = file; path = "Raleway-SemiBoldItalic.ttf"; sourceTree = "<group>"; };
		60B193CA2A15D74A0045FCAF /* Raleway-BoldItalic.ttf */ = {isa = PBXFileReference; lastKnownFileType = file; path = "Raleway-BoldItalic.ttf"; sourceTree = "<group>"; };
		60B193CB2A15D74A0045FCAF /* Raleway-ExtraBoldItalic.ttf */ = {isa = PBXFileReference; lastKnownFileType = file; path = "Raleway-ExtraBoldItalic.ttf"; sourceTree = "<group>"; };
		60B193CC2A15D74A0045FCAF /* Raleway-ExtraLightItalic.ttf */ = {isa = PBXFileReference; lastKnownFileType = file; path = "Raleway-ExtraLightItalic.ttf"; sourceTree = "<group>"; };
		60B193CD2A15D74A0045FCAF /* Raleway-Bold.ttf */ = {isa = PBXFileReference; lastKnownFileType = file; path = "Raleway-Bold.ttf"; sourceTree = "<group>"; };
		60B193CE2A15D74A0045FCAF /* Raleway-Light.ttf */ = {isa = PBXFileReference; lastKnownFileType = file; path = "Raleway-Light.ttf"; sourceTree = "<group>"; };
		60B193CF2A15D74A0045FCAF /* Raleway-SemiBold.ttf */ = {isa = PBXFileReference; lastKnownFileType = file; path = "Raleway-SemiBold.ttf"; sourceTree = "<group>"; };
		60B193D02A15D74B0045FCAF /* Raleway-MediumItalic.ttf */ = {isa = PBXFileReference; lastKnownFileType = file; path = "Raleway-MediumItalic.ttf"; sourceTree = "<group>"; };
		60B193D12A15D74B0045FCAF /* Raleway-Italic.ttf */ = {isa = PBXFileReference; lastKnownFileType = file; path = "Raleway-Italic.ttf"; sourceTree = "<group>"; };
		60B193D22A15D74B0045FCAF /* Raleway-Regular.ttf */ = {isa = PBXFileReference; lastKnownFileType = file; path = "Raleway-Regular.ttf"; sourceTree = "<group>"; };
		60B193D32A15D74B0045FCAF /* Raleway-ThinItalic.ttf */ = {isa = PBXFileReference; lastKnownFileType = file; path = "Raleway-ThinItalic.ttf"; sourceTree = "<group>"; };
		60B193D42A15D74B0045FCAF /* Raleway-ExtraLight.ttf */ = {isa = PBXFileReference; lastKnownFileType = file; path = "Raleway-ExtraLight.ttf"; sourceTree = "<group>"; };
		60B193D52A15D74B0045FCAF /* Raleway-Medium.ttf */ = {isa = PBXFileReference; lastKnownFileType = file; path = "Raleway-Medium.ttf"; sourceTree = "<group>"; };
		60B193D62A15D74B0045FCAF /* Raleway-LightItalic.ttf */ = {isa = PBXFileReference; lastKnownFileType = file; path = "Raleway-LightItalic.ttf"; sourceTree = "<group>"; };
		60B193D72A15D74B0045FCAF /* Raleway-BlackItalic.ttf */ = {isa = PBXFileReference; lastKnownFileType = file; path = "Raleway-BlackItalic.ttf"; sourceTree = "<group>"; };
		60B193EB2A15F0120045FCAF /* LogInView.swift */ = {isa = PBXFileReference; lastKnownFileType = sourcecode.swift; path = LogInView.swift; sourceTree = "<group>"; };
		60B193ED2A15F0250045FCAF /* LogInViewController.swift */ = {isa = PBXFileReference; lastKnownFileType = sourcecode.swift; path = LogInViewController.swift; sourceTree = "<group>"; };
		60B1F40F2A18F662006FA39A /* UpdateFitnessDetailsView.swift */ = {isa = PBXFileReference; lastKnownFileType = sourcecode.swift; path = UpdateFitnessDetailsView.swift; sourceTree = "<group>"; };
		60B1F4112A18F685006FA39A /* UpdateFitnessDetailsViewController.swift */ = {isa = PBXFileReference; lastKnownFileType = sourcecode.swift; path = UpdateFitnessDetailsViewController.swift; sourceTree = "<group>"; };
		60B1F4132A18F6BB006FA39A /* UserFitnessService.swift */ = {isa = PBXFileReference; lastKnownFileType = sourcecode.swift; path = UserFitnessService.swift; sourceTree = "<group>"; };
		60B8E5D12A14FA0D00547439 /* TempHomeView.swift */ = {isa = PBXFileReference; lastKnownFileType = sourcecode.swift; path = TempHomeView.swift; sourceTree = "<group>"; };
		60B8E5D62A1510A000547439 /* SignUpView.swift */ = {isa = PBXFileReference; lastKnownFileType = sourcecode.swift; path = SignUpView.swift; sourceTree = "<group>"; };
		60B8E5D82A1510DB00547439 /* SignUpViewController.swift */ = {isa = PBXFileReference; lastKnownFileType = sourcecode.swift; path = SignUpViewController.swift; sourceTree = "<group>"; };
		60B8E5DE2A1535E200547439 /* CAuthHeader.swift */ = {isa = PBXFileReference; lastKnownFileType = sourcecode.swift; path = CAuthHeader.swift; sourceTree = "<group>"; };
		60FBB1B42A1CF96700D6729C /* LabelWrapper.swift */ = {isa = PBXFileReference; lastKnownFileType = sourcecode.swift; path = LabelWrapper.swift; sourceTree = "<group>"; };
		60FBB1B62A1CFD0500D6729C /* ButtonWrapper.swift */ = {isa = PBXFileReference; lastKnownFileType = sourcecode.swift; path = ButtonWrapper.swift; sourceTree = "<group>"; };
		60FBB1B82A1CFD6600D6729C /* TextFieldWrapper.swift */ = {isa = PBXFileReference; lastKnownFileType = sourcecode.swift; path = TextFieldWrapper.swift; sourceTree = "<group>"; };
		60FBB1BA2A1D237500D6729C /* BMIHelper.swift */ = {isa = PBXFileReference; lastKnownFileType = sourcecode.swift; path = BMIHelper.swift; sourceTree = "<group>"; };
		60FBB1BC2A1D2E4D00D6729C /* GreetingHelper.swift */ = {isa = PBXFileReference; lastKnownFileType = sourcecode.swift; path = GreetingHelper.swift; sourceTree = "<group>"; };
/* End PBXFileReference section */

/* Begin PBXFrameworksBuildPhase section */
		6049BF822A14C00400C369AA /* Frameworks */ = {
			isa = PBXFrameworksBuildPhase;
			buildActionMask = 2147483647;
			files = (
				6062D7342A1A017C008B05A9 /* SDWebImage in Frameworks */,
				609F20BD2A2330CE001E3D37 /* YouTubeiOSPlayerHelper in Frameworks */,
				607F0EDF2A1666D70047DAB2 /* MBProgressHUD in Frameworks */,
				6049BFA12A14D28600C369AA /* SnapKit in Frameworks */,
				60A4663A2A167D62003609B3 /* FirebaseAnalytics in Frameworks */,
				60A4663E2A167D62003609B3 /* FirebaseFirestore in Frameworks */,
				60A4663C2A167D62003609B3 /* FirebaseAuth in Frameworks */,
			);
			runOnlyForDeploymentPostprocessing = 0;
		};
/* End PBXFrameworksBuildPhase section */

/* Begin PBXGroup section */
		603BD9E12A18AD540005E123 /* ProfileTab */ = {
			isa = PBXGroup;
			children = (
				60789E352A17E335004AEAAE /* UpdateHealthDetailsView.swift */,
				60B1F40F2A18F662006FA39A /* UpdateFitnessDetailsView.swift */,
			);
			path = ProfileTab;
			sourceTree = "<group>";
		};
		603BD9E22A18AD6D0005E123 /* ProfileTab */ = {
			isa = PBXGroup;
			children = (
				60789E372A17E354004AEAAE /* UpdateHealthDetailsViewController.swift */,
				60B1F4112A18F685006FA39A /* UpdateFitnessDetailsViewController.swift */,
			);
			path = ProfileTab;
			sourceTree = "<group>";
		};
		6049BF7C2A14C00400C369AA = {
			isa = PBXGroup;
			children = (
				6049BF872A14C00400C369AA /* FitnessFlow */,
				6049BF9E2A14CDDC00C369AA /* README.md */,
				605C14422A17374300DCCC8D /* TODO.md */,
				6049BF9C2A14C05C00C369AA /* .gitignore */,
				6049BF862A14C00400C369AA /* Products */,
			);
			sourceTree = "<group>";
		};
		6049BF862A14C00400C369AA /* Products */ = {
			isa = PBXGroup;
			children = (
				6049BF852A14C00400C369AA /* FitnessFlow.app */,
			);
			name = Products;
			sourceTree = "<group>";
		};
		6049BF872A14C00400C369AA /* FitnessFlow */ = {
			isa = PBXGroup;
			children = (
				60B3CF122A14F24D00BA6FCF /* Models */,
				60B8E5D02A14F9EE00547439 /* Views */,
				60B3CF112A14F1F200BA6FCF /* Controllers */,
				60B3CF142A14F26900BA6FCF /* Helpers */,
				60B3CF152A14F27400BA6FCF /* Services */,
				60B3CF162A14F28100BA6FCF /* Theme */,
				60B8E5D32A15065C00547439 /* Tests */,
				6049BF962A14C00700C369AA /* Info.plist */,
				6049BF912A14C00700C369AA /* Assets.xcassets */,
				6049BF882A14C00400C369AA /* AppDelegate.swift */,
				6049BF8A2A14C00400C369AA /* SceneDelegate.swift */,
				60A4663F2A167DE9003609B3 /* GoogleService-Info.plist */,
				6049BF932A14C00700C369AA /* LaunchScreen.storyboard */,
			);
			path = FitnessFlow;
			sourceTree = "<group>";
		};
		605C14432A17411200DCCC8D /* Tabs */ = {
			isa = PBXGroup;
			children = (
				605C14452A1741B700DCCC8D /* HomeViewController.swift */,
				605C14472A17421F00DCCC8D /* WorkoutsViewController.swift */,
				605C14492A17423500DCCC8D /* ProgressViewController.swift */,
				605C144B2A17424B00DCCC8D /* NutritionViewController.swift */,
				605C144D2A17425E00DCCC8D /* ProfileViewController.swift */,
				605C144F2A17427300DCCC8D /* MainTabBarController.swift */,
			);
			path = Tabs;
			sourceTree = "<group>";
		};
		605C14442A1741A000DCCC8D /* Tabs */ = {
			isa = PBXGroup;
			children = (
				605C14512A17431B00DCCC8D /* HomeView.swift */,
				605C14532A17433600DCCC8D /* WorkoutsView.swift */,
				608DBD9E2A2095C200D08CB6 /* WorkoutViewExtension.swift */,
				605C14552A17434D00DCCC8D /* ProgressView.swift */,
				605C14572A17436400DCCC8D /* NutritionView.swift */,
				605C14592A17437E00DCCC8D /* ProfileView.swift */,
			);
			path = Tabs;
			sourceTree = "<group>";
		};
		6062D7252A19B211008B05A9 /* Home */ = {
			isa = PBXGroup;
			children = (
				6062D72A2A19DC4B008B05A9 /* CardCell.swift */,
			);
			path = Home;
			sourceTree = "<group>";
		};
		6062D72C2A19DCF1008B05A9 /* Core */ = {
			isa = PBXGroup;
			children = (
				60B8E5DE2A1535E200547439 /* CAuthHeader.swift */,
				605C145D2A17689D00DCCC8D /* CTabHeader.swift */,
				60FBB1B42A1CF96700D6729C /* LabelWrapper.swift */,
				60FBB1B62A1CFD0500D6729C /* ButtonWrapper.swift */,
				60FBB1B82A1CFD6600D6729C /* TextFieldWrapper.swift */,
				609F20C42A239188001E3D37 /* AlertDialogWrapper.swift */,
			);
			path = Core;
			sourceTree = "<group>";
		};
		6062D72D2A19EFB9008B05A9 /* Workouts */ = {
			isa = PBXGroup;
			children = (
				6062D7302A19F097008B05A9 /* WorkoutLevelCardCell.swift */,
				608DBDA02A20A8E000D08CB6 /* CollectionViewsWrapper.swift */,
				609F20B92A23050D001E3D37 /* WorkoutCardCell.swift */,
			);
			path = Workouts;
			sourceTree = "<group>";
		};
		6076A7552A1A35AA002DC795 /* WorkoutTab */ = {
			isa = PBXGroup;
			children = (
				6076A7592A1A3620002DC795 /* AboutWorkoutView.swift */,
				609F20B72A23045A001E3D37 /* AboutWorkoutViewExtension.swift */,
				6076A75D2A1A49F4002DC795 /* AboutExView.swift */,
				609F20BE2A2373DF001E3D37 /* AddScheduleView.swift */,
			);
			path = WorkoutTab;
			sourceTree = "<group>";
		};
		6076A7562A1A35C8002DC795 /* WorkoutTab */ = {
			isa = PBXGroup;
			children = (
				6076A7572A1A3602002DC795 /* AboutWorkoutViewController.swift */,
				6076A75B2A1A49E6002DC795 /* AboutExViewController.swift */,
				609F20C02A237413001E3D37 /* AddScheduleViewController.swift */,
			);
			path = WorkoutTab;
			sourceTree = "<group>";
		};
		6093D4DA2A1945BB00B1ADA1 /* Onboarding */ = {
			isa = PBXGroup;
			children = (
				6049BF8C2A14C00400C369AA /* TempHomeViewController.swift */,
				60B193ED2A15F0250045FCAF /* LogInViewController.swift */,
				60B8E5D82A1510DB00547439 /* SignUpViewController.swift */,
				6093D4DC2A19469800B1ADA1 /* HealthDataViewController.swift */,
				6093D4E22A19471400B1ADA1 /* FitnessDataViewController.swift */,
				6093D4E62A194A8E00B1ADA1 /* CreateAccountViewController.swift */,
			);
			path = Onboarding;
			sourceTree = "<group>";
		};
		6093D4DB2A19463200B1ADA1 /* Onbaording */ = {
			isa = PBXGroup;
			children = (
				60B8E5D12A14FA0D00547439 /* TempHomeView.swift */,
				60B193EB2A15F0120045FCAF /* LogInView.swift */,
				60B8E5D62A1510A000547439 /* SignUpView.swift */,
				6093D4DE2A1946A600B1ADA1 /* HealthDataView.swift */,
				6093D4E02A19470600B1ADA1 /* FitnessDataView.swift */,
				6093D4E42A194A7F00B1ADA1 /* CreateAccountView.swift */,
			);
			path = Onbaording;
			sourceTree = "<group>";
		};
		6093D4E82A194F3900B1ADA1 /* Blind */ = {
			isa = PBXGroup;
			children = (
				6076A7532A1A210B002DC795 /* FirebaseToken.swift */,
			);
			path = Blind;
			sourceTree = "<group>";
		};
		60B193B32A15D4BD0045FCAF /* Fonts */ = {
			isa = PBXGroup;
			children = (
				60B193EA2A15DDAF0045FCAF /* Italic */,
				60B193C72A15D74A0045FCAF /* Raleway-Thin.ttf */,
				60B193D42A15D74B0045FCAF /* Raleway-ExtraLight.ttf */,
				60B193CE2A15D74A0045FCAF /* Raleway-Light.ttf */,
				60B193D22A15D74B0045FCAF /* Raleway-Regular.ttf */,
				60B193D52A15D74B0045FCAF /* Raleway-Medium.ttf */,
				60B193CF2A15D74A0045FCAF /* Raleway-SemiBold.ttf */,
				60B193CD2A15D74A0045FCAF /* Raleway-Bold.ttf */,
				60B193C62A15D7490045FCAF /* Raleway-ExtraBold.ttf */,
				60B193C82A15D74A0045FCAF /* Raleway-Black.ttf */,
			);
			path = Fonts;
			sourceTree = "<group>";
		};
		60B193EA2A15DDAF0045FCAF /* Italic */ = {
			isa = PBXGroup;
			children = (
				60B193D32A15D74B0045FCAF /* Raleway-ThinItalic.ttf */,
				60B193CC2A15D74A0045FCAF /* Raleway-ExtraLightItalic.ttf */,
				60B193D62A15D74B0045FCAF /* Raleway-LightItalic.ttf */,
				60B193D12A15D74B0045FCAF /* Raleway-Italic.ttf */,
				60B193D02A15D74B0045FCAF /* Raleway-MediumItalic.ttf */,
				60B193C92A15D74A0045FCAF /* Raleway-SemiBoldItalic.ttf */,
				60B193CA2A15D74A0045FCAF /* Raleway-BoldItalic.ttf */,
				60B193CB2A15D74A0045FCAF /* Raleway-ExtraBoldItalic.ttf */,
				60B193D72A15D74B0045FCAF /* Raleway-BlackItalic.ttf */,
			);
			path = Italic;
			sourceTree = "<group>";
		};
		60B193F12A15F2AC0045FCAF /* Components */ = {
			isa = PBXGroup;
			children = (
				6062D72C2A19DCF1008B05A9 /* Core */,
				6062D7252A19B211008B05A9 /* Home */,
				6062D72D2A19EFB9008B05A9 /* Workouts */,
			);
			path = Components;
			sourceTree = "<group>";
		};
		60B3CF112A14F1F200BA6FCF /* Controllers */ = {
			isa = PBXGroup;
			children = (
				6076A7562A1A35C8002DC795 /* WorkoutTab */,
				6093D4DA2A1945BB00B1ADA1 /* Onboarding */,
				603BD9E22A18AD6D0005E123 /* ProfileTab */,
				605C14432A17411200DCCC8D /* Tabs */,
			);
			path = Controllers;
			sourceTree = "<group>";
		};
		60B3CF122A14F24D00BA6FCF /* Models */ = {
			isa = PBXGroup;
			children = (
				602B19E52A165C8900F377C0 /* AuthModel.swift */,
				6093D4D82A1938F000B1ADA1 /* UserModel.swift */,
				609F20C62A239C41001E3D37 /* UserAccountModel.swift */,
				605C145B2A17645900DCCC8D /* UserHealthModel.swift */,
				603BD9DF2A188ED00005E123 /* UserFitnessModel.swift */,
				609F20C22A2377CD001E3D37 /* UserScheduleModel.swift */,
				6076A7632A1A7D07002DC795 /* WorkoutModel.swift */,
				609F20B52A22F4E2001E3D37 /* WorkoutLevelModel.swift */,
				6062D7282A19BF11008B05A9 /* CardModel.swift */,
			);
			path = Models;
			sourceTree = "<group>";
		};
		60B3CF142A14F26900BA6FCF /* Helpers */ = {
			isa = PBXGroup;
			children = (
				604EE73F2A154BD800D2598D /* FormValidator.swift */,
				60FBB1BA2A1D237500D6729C /* BMIHelper.swift */,
				60FBB1BC2A1D2E4D00D6729C /* GreetingHelper.swift */,
				607B16422A1E667300A271FB /* DateTimeHelper.swift */,
			);
			path = Helpers;
			sourceTree = "<group>";
		};
		60B3CF152A14F27400BA6FCF /* Services */ = {
			isa = PBXGroup;
			children = (
				6093D4E82A194F3900B1ADA1 /* Blind */,
				607F0EDB2A1661CE0047DAB2 /* AuthService.swift */,
				6093D4E92A194F8900B1ADA1 /* UserService.swift */,
				605C14402A172DE000DCCC8D /* UserAccountService.swift */,
				60B1F4132A18F6BB006FA39A /* UserFitnessService.swift */,
				603BD9E32A18CCF50005E123 /* UserHealthService.swift */,
				609F20C82A239CF5001E3D37 /* UserScheduleService.swift */,
				6062E3002A1FD21D0010CA33 /* WorkoutService.swift */,
			);
			path = Services;
			sourceTree = "<group>";
		};
		60B3CF162A14F28100BA6FCF /* Theme */ = {
			isa = PBXGroup;
			children = (
				60B193F12A15F2AC0045FCAF /* Components */,
				60B193B32A15D4BD0045FCAF /* Fonts */,
				6049BFA22A14D34600C369AA /* AppThemeData.swift */,
				6093D4EB2A1963F100B1ADA1 /* SampleCodes.swift */,
			);
			path = Theme;
			sourceTree = "<group>";
		};
		60B8E5D02A14F9EE00547439 /* Views */ = {
			isa = PBXGroup;
			children = (
				6076A7552A1A35AA002DC795 /* WorkoutTab */,
				6093D4DB2A19463200B1ADA1 /* Onbaording */,
				603BD9E12A18AD540005E123 /* ProfileTab */,
				605C14442A1741A000DCCC8D /* Tabs */,
			);
			path = Views;
			sourceTree = "<group>";
		};
		60B8E5D32A15065C00547439 /* Tests */ = {
			isa = PBXGroup;
			children = (
			);
			path = Tests;
			sourceTree = "<group>";
		};
/* End PBXGroup section */

/* Begin PBXNativeTarget section */
		6049BF842A14C00400C369AA /* FitnessFlow */ = {
			isa = PBXNativeTarget;
			buildConfigurationList = 6049BF992A14C00700C369AA /* Build configuration list for PBXNativeTarget "FitnessFlow" */;
			buildPhases = (
				6049BF812A14C00400C369AA /* Sources */,
				6049BF822A14C00400C369AA /* Frameworks */,
				6049BF832A14C00400C369AA /* Resources */,
			);
			buildRules = (
			);
			dependencies = (
			);
			name = FitnessFlow;
			packageProductDependencies = (
				6049BFA02A14D28600C369AA /* SnapKit */,
				607F0EDE2A1666D70047DAB2 /* MBProgressHUD */,
				60A466392A167D62003609B3 /* FirebaseAnalytics */,
				60A4663B2A167D62003609B3 /* FirebaseAuth */,
				60A4663D2A167D62003609B3 /* FirebaseFirestore */,
				6062D7332A1A017C008B05A9 /* SDWebImage */,
				609F20BC2A2330CE001E3D37 /* YouTubeiOSPlayerHelper */,
			);
			productName = FitnessFlow;
			productReference = 6049BF852A14C00400C369AA /* FitnessFlow.app */;
			productType = "com.apple.product-type.application";
		};
/* End PBXNativeTarget section */

/* Begin PBXProject section */
		6049BF7D2A14C00400C369AA /* Project object */ = {
			isa = PBXProject;
			attributes = {
				BuildIndependentTargetsInParallel = 1;
				LastSwiftUpdateCheck = 1420;
				LastUpgradeCheck = 1420;
				TargetAttributes = {
					6049BF842A14C00400C369AA = {
						CreatedOnToolsVersion = 14.2;
					};
				};
			};
			buildConfigurationList = 6049BF802A14C00400C369AA /* Build configuration list for PBXProject "FitnessFlow" */;
			compatibilityVersion = "Xcode 14.0";
			developmentRegion = en;
			hasScannedForEncodings = 0;
			knownRegions = (
				en,
				Base,
			);
			mainGroup = 6049BF7C2A14C00400C369AA;
			packageReferences = (
				6049BF9F2A14D28600C369AA /* XCRemoteSwiftPackageReference "SnapKit" */,
				607F0EDD2A1666D70047DAB2 /* XCRemoteSwiftPackageReference "MBProgressHUD" */,
				60A466382A167D62003609B3 /* XCRemoteSwiftPackageReference "firebase-ios-sdk" */,
				6062D7322A1A017C008B05A9 /* XCRemoteSwiftPackageReference "SDWebImage" */,
				609F20BB2A2330CE001E3D37 /* XCRemoteSwiftPackageReference "youtube-ios-player-helper" */,
			);
			productRefGroup = 6049BF862A14C00400C369AA /* Products */;
			projectDirPath = "";
			projectRoot = "";
			targets = (
				6049BF842A14C00400C369AA /* FitnessFlow */,
			);
		};
/* End PBXProject section */

/* Begin PBXResourcesBuildPhase section */
		6049BF832A14C00400C369AA /* Resources */ = {
			isa = PBXResourcesBuildPhase;
			buildActionMask = 2147483647;
			files = (
				60B193DE2A15D74B0045FCAF /* Raleway-ExtraLightItalic.ttf in Resources */,
				60B193E32A15D74B0045FCAF /* Raleway-Italic.ttf in Resources */,
				60B193E92A15D74B0045FCAF /* Raleway-BlackItalic.ttf in Resources */,
				60B193E62A15D74B0045FCAF /* Raleway-ExtraLight.ttf in Resources */,
				60B193D92A15D74B0045FCAF /* Raleway-Thin.ttf in Resources */,
				60B193E42A15D74B0045FCAF /* Raleway-Regular.ttf in Resources */,
				60B193E52A15D74B0045FCAF /* Raleway-ThinItalic.ttf in Resources */,
				60B193D82A15D74B0045FCAF /* Raleway-ExtraBold.ttf in Resources */,
				60B193E82A15D74B0045FCAF /* Raleway-LightItalic.ttf in Resources */,
				60B193E02A15D74B0045FCAF /* Raleway-Light.ttf in Resources */,
				60B193DA2A15D74B0045FCAF /* Raleway-Black.ttf in Resources */,
				60B193DC2A15D74B0045FCAF /* Raleway-BoldItalic.ttf in Resources */,
				60B193E72A15D74B0045FCAF /* Raleway-Medium.ttf in Resources */,
				6049BF9D2A14C05C00C369AA /* .gitignore in Resources */,
				6049BF952A14C00700C369AA /* LaunchScreen.storyboard in Resources */,
				60B193DB2A15D74B0045FCAF /* Raleway-SemiBoldItalic.ttf in Resources */,
				60B193E22A15D74B0045FCAF /* Raleway-MediumItalic.ttf in Resources */,
				60B193E12A15D74B0045FCAF /* Raleway-SemiBold.ttf in Resources */,
				60B193DF2A15D74B0045FCAF /* Raleway-Bold.ttf in Resources */,
				60A466402A167DE9003609B3 /* GoogleService-Info.plist in Resources */,
				6049BF922A14C00700C369AA /* Assets.xcassets in Resources */,
				60B193DD2A15D74B0045FCAF /* Raleway-ExtraBoldItalic.ttf in Resources */,
			);
			runOnlyForDeploymentPostprocessing = 0;
		};
/* End PBXResourcesBuildPhase section */

/* Begin PBXSourcesBuildPhase section */
		6049BF812A14C00400C369AA /* Sources */ = {
			isa = PBXSourcesBuildPhase;
			buildActionMask = 2147483647;
			files = (
				605C14522A17431B00DCCC8D /* HomeView.swift in Sources */,
				6076A7642A1A7D07002DC795 /* WorkoutModel.swift in Sources */,
				603BD9E42A18CCF50005E123 /* UserHealthService.swift in Sources */,
				605C144A2A17423500DCCC8D /* ProgressViewController.swift in Sources */,
				609F20C92A239CF5001E3D37 /* UserScheduleService.swift in Sources */,
				6076A7542A1A210B002DC795 /* FirebaseToken.swift in Sources */,
				6076A75C2A1A49E6002DC795 /* AboutExViewController.swift in Sources */,
				605C14412A172DE000DCCC8D /* UserAccountService.swift in Sources */,
				6093D4EA2A194F8900B1ADA1 /* UserService.swift in Sources */,
				605C144C2A17424B00DCCC8D /* NutritionViewController.swift in Sources */,
				604EE7402A154BD800D2598D /* FormValidator.swift in Sources */,
				605C14562A17434D00DCCC8D /* ProgressView.swift in Sources */,
				6049BF8D2A14C00400C369AA /* TempHomeViewController.swift in Sources */,
				6062D7312A19F097008B05A9 /* WorkoutLevelCardCell.swift in Sources */,
				608DBDA12A20A8E000D08CB6 /* CollectionViewsWrapper.swift in Sources */,
				605C14582A17436400DCCC8D /* NutritionView.swift in Sources */,
				609F20C12A237413001E3D37 /* AddScheduleViewController.swift in Sources */,
				60B1F4142A18F6BB006FA39A /* UserFitnessService.swift in Sources */,
				605C14462A1741B700DCCC8D /* HomeViewController.swift in Sources */,
				60789E382A17E354004AEAAE /* UpdateHealthDetailsViewController.swift in Sources */,
				60FBB1B52A1CF96700D6729C /* LabelWrapper.swift in Sources */,
				6049BFA32A14D34600C369AA /* AppThemeData.swift in Sources */,
				6093D4DD2A19469800B1ADA1 /* HealthDataViewController.swift in Sources */,
				6093D4E12A19470600B1ADA1 /* FitnessDataView.swift in Sources */,
				60B8E5D92A1510DB00547439 /* SignUpViewController.swift in Sources */,
				6076A75A2A1A3620002DC795 /* AboutWorkoutView.swift in Sources */,
				607F0EDC2A1661CE0047DAB2 /* AuthService.swift in Sources */,
				6093D4E32A19471400B1ADA1 /* FitnessDataViewController.swift in Sources */,
				609F20BA2A23050D001E3D37 /* WorkoutCardCell.swift in Sources */,
				6062D72B2A19DC4B008B05A9 /* CardCell.swift in Sources */,
				6062D7292A19BF11008B05A9 /* CardModel.swift in Sources */,
				6049BF892A14C00400C369AA /* AppDelegate.swift in Sources */,
				6093D4EC2A1963F100B1ADA1 /* SampleCodes.swift in Sources */,
				60FBB1BB2A1D237500D6729C /* BMIHelper.swift in Sources */,
				60B1F4102A18F662006FA39A /* UpdateFitnessDetailsView.swift in Sources */,
				609F20C52A239188001E3D37 /* AlertDialogWrapper.swift in Sources */,
				608DBD9F2A2095C200D08CB6 /* WorkoutViewExtension.swift in Sources */,
				609F20C72A239C42001E3D37 /* UserAccountModel.swift in Sources */,
				609F20BF2A2373DF001E3D37 /* AddScheduleView.swift in Sources */,
				60B8E5D72A1510A000547439 /* SignUpView.swift in Sources */,
				6093D4D92A1938F000B1ADA1 /* UserModel.swift in Sources */,
				605C145A2A17437E00DCCC8D /* ProfileView.swift in Sources */,
				607B16432A1E667300A271FB /* DateTimeHelper.swift in Sources */,
				6062E3012A1FD21D0010CA33 /* WorkoutService.swift in Sources */,
				60B8E5DF2A1535E200547439 /* CAuthHeader.swift in Sources */,
				6093D4E72A194A8E00B1ADA1 /* CreateAccountViewController.swift in Sources */,
				60FBB1B72A1CFD0500D6729C /* ButtonWrapper.swift in Sources */,
				602B19E62A165C8900F377C0 /* AuthModel.swift in Sources */,
				6093D4DF2A1946A600B1ADA1 /* HealthDataView.swift in Sources */,
				609F20B82A23045A001E3D37 /* AboutWorkoutViewExtension.swift in Sources */,
				60B8E5D22A14FA0D00547439 /* TempHomeView.swift in Sources */,
				609F20C32A2377CD001E3D37 /* UserScheduleModel.swift in Sources */,
				6076A75E2A1A49F4002DC795 /* AboutExView.swift in Sources */,
				603BD9E02A188ED00005E123 /* UserFitnessModel.swift in Sources */,
				6093D4E52A194A7F00B1ADA1 /* CreateAccountView.swift in Sources */,
				605C145C2A17645900DCCC8D /* UserHealthModel.swift in Sources */,
				605C14482A17421F00DCCC8D /* WorkoutsViewController.swift in Sources */,
				60B193EE2A15F0250045FCAF /* LogInViewController.swift in Sources */,
				6076A7582A1A3602002DC795 /* AboutWorkoutViewController.swift in Sources */,
				605C14502A17427300DCCC8D /* MainTabBarController.swift in Sources */,
				6049BF8B2A14C00400C369AA /* SceneDelegate.swift in Sources */,
				60FBB1B92A1CFD6600D6729C /* TextFieldWrapper.swift in Sources */,
				605C144E2A17425E00DCCC8D /* ProfileViewController.swift in Sources */,
				60FBB1BD2A1D2E4D00D6729C /* GreetingHelper.swift in Sources */,
				605C145E2A17689D00DCCC8D /* CTabHeader.swift in Sources */,
				60789E362A17E335004AEAAE /* UpdateHealthDetailsView.swift in Sources */,
				609F20B62A22F4E2001E3D37 /* WorkoutLevelModel.swift in Sources */,
				60B1F4122A18F685006FA39A /* UpdateFitnessDetailsViewController.swift in Sources */,
				605C14542A17433600DCCC8D /* WorkoutsView.swift in Sources */,
				60B193EC2A15F0120045FCAF /* LogInView.swift in Sources */,
			);
			runOnlyForDeploymentPostprocessing = 0;
		};
/* End PBXSourcesBuildPhase section */

/* Begin PBXVariantGroup section */
		6049BF932A14C00700C369AA /* LaunchScreen.storyboard */ = {
			isa = PBXVariantGroup;
			children = (
				6049BF942A14C00700C369AA /* Base */,
			);
			name = LaunchScreen.storyboard;
			sourceTree = "<group>";
		};
/* End PBXVariantGroup section */

/* Begin XCBuildConfiguration section */
		6049BF972A14C00700C369AA /* Debug */ = {
			isa = XCBuildConfiguration;
			buildSettings = {
				ALWAYS_SEARCH_USER_PATHS = NO;
				CLANG_ANALYZER_NONNULL = YES;
				CLANG_ANALYZER_NUMBER_OBJECT_CONVERSION = YES_AGGRESSIVE;
				CLANG_CXX_LANGUAGE_STANDARD = "gnu++20";
				CLANG_ENABLE_MODULES = YES;
				CLANG_ENABLE_OBJC_ARC = YES;
				CLANG_ENABLE_OBJC_WEAK = YES;
				CLANG_WARN_BLOCK_CAPTURE_AUTORELEASING = YES;
				CLANG_WARN_BOOL_CONVERSION = YES;
				CLANG_WARN_COMMA = YES;
				CLANG_WARN_CONSTANT_CONVERSION = YES;
				CLANG_WARN_DEPRECATED_OBJC_IMPLEMENTATIONS = YES;
				CLANG_WARN_DIRECT_OBJC_ISA_USAGE = YES_ERROR;
				CLANG_WARN_DOCUMENTATION_COMMENTS = YES;
				CLANG_WARN_EMPTY_BODY = YES;
				CLANG_WARN_ENUM_CONVERSION = YES;
				CLANG_WARN_INFINITE_RECURSION = YES;
				CLANG_WARN_INT_CONVERSION = YES;
				CLANG_WARN_NON_LITERAL_NULL_CONVERSION = YES;
				CLANG_WARN_OBJC_IMPLICIT_RETAIN_SELF = YES;
				CLANG_WARN_OBJC_LITERAL_CONVERSION = YES;
				CLANG_WARN_OBJC_ROOT_CLASS = YES_ERROR;
				CLANG_WARN_QUOTED_INCLUDE_IN_FRAMEWORK_HEADER = YES;
				CLANG_WARN_RANGE_LOOP_ANALYSIS = YES;
				CLANG_WARN_STRICT_PROTOTYPES = YES;
				CLANG_WARN_SUSPICIOUS_MOVE = YES;
				CLANG_WARN_UNGUARDED_AVAILABILITY = YES_AGGRESSIVE;
				CLANG_WARN_UNREACHABLE_CODE = YES;
				CLANG_WARN__DUPLICATE_METHOD_MATCH = YES;
				COPY_PHASE_STRIP = NO;
				DEBUG_INFORMATION_FORMAT = dwarf;
				ENABLE_STRICT_OBJC_MSGSEND = YES;
				ENABLE_TESTABILITY = YES;
				GCC_C_LANGUAGE_STANDARD = gnu11;
				GCC_DYNAMIC_NO_PIC = NO;
				GCC_NO_COMMON_BLOCKS = YES;
				GCC_OPTIMIZATION_LEVEL = 0;
				GCC_PREPROCESSOR_DEFINITIONS = (
					"DEBUG=1",
					"$(inherited)",
				);
				GCC_WARN_64_TO_32_BIT_CONVERSION = YES;
				GCC_WARN_ABOUT_RETURN_TYPE = YES_ERROR;
				GCC_WARN_UNDECLARED_SELECTOR = YES;
				GCC_WARN_UNINITIALIZED_AUTOS = YES_AGGRESSIVE;
				GCC_WARN_UNUSED_FUNCTION = YES;
				GCC_WARN_UNUSED_VARIABLE = YES;
				IPHONEOS_DEPLOYMENT_TARGET = 16.2;
				MTL_ENABLE_DEBUG_INFO = INCLUDE_SOURCE;
				MTL_FAST_MATH = YES;
				ONLY_ACTIVE_ARCH = YES;
				SDKROOT = iphoneos;
				SWIFT_ACTIVE_COMPILATION_CONDITIONS = DEBUG;
				SWIFT_OPTIMIZATION_LEVEL = "-Onone";
			};
			name = Debug;
		};
		6049BF982A14C00700C369AA /* Release */ = {
			isa = XCBuildConfiguration;
			buildSettings = {
				ALWAYS_SEARCH_USER_PATHS = NO;
				CLANG_ANALYZER_NONNULL = YES;
				CLANG_ANALYZER_NUMBER_OBJECT_CONVERSION = YES_AGGRESSIVE;
				CLANG_CXX_LANGUAGE_STANDARD = "gnu++20";
				CLANG_ENABLE_MODULES = YES;
				CLANG_ENABLE_OBJC_ARC = YES;
				CLANG_ENABLE_OBJC_WEAK = YES;
				CLANG_WARN_BLOCK_CAPTURE_AUTORELEASING = YES;
				CLANG_WARN_BOOL_CONVERSION = YES;
				CLANG_WARN_COMMA = YES;
				CLANG_WARN_CONSTANT_CONVERSION = YES;
				CLANG_WARN_DEPRECATED_OBJC_IMPLEMENTATIONS = YES;
				CLANG_WARN_DIRECT_OBJC_ISA_USAGE = YES_ERROR;
				CLANG_WARN_DOCUMENTATION_COMMENTS = YES;
				CLANG_WARN_EMPTY_BODY = YES;
				CLANG_WARN_ENUM_CONVERSION = YES;
				CLANG_WARN_INFINITE_RECURSION = YES;
				CLANG_WARN_INT_CONVERSION = YES;
				CLANG_WARN_NON_LITERAL_NULL_CONVERSION = YES;
				CLANG_WARN_OBJC_IMPLICIT_RETAIN_SELF = YES;
				CLANG_WARN_OBJC_LITERAL_CONVERSION = YES;
				CLANG_WARN_OBJC_ROOT_CLASS = YES_ERROR;
				CLANG_WARN_QUOTED_INCLUDE_IN_FRAMEWORK_HEADER = YES;
				CLANG_WARN_RANGE_LOOP_ANALYSIS = YES;
				CLANG_WARN_STRICT_PROTOTYPES = YES;
				CLANG_WARN_SUSPICIOUS_MOVE = YES;
				CLANG_WARN_UNGUARDED_AVAILABILITY = YES_AGGRESSIVE;
				CLANG_WARN_UNREACHABLE_CODE = YES;
				CLANG_WARN__DUPLICATE_METHOD_MATCH = YES;
				COPY_PHASE_STRIP = NO;
				DEBUG_INFORMATION_FORMAT = "dwarf-with-dsym";
				ENABLE_NS_ASSERTIONS = NO;
				ENABLE_STRICT_OBJC_MSGSEND = YES;
				GCC_C_LANGUAGE_STANDARD = gnu11;
				GCC_NO_COMMON_BLOCKS = YES;
				GCC_WARN_64_TO_32_BIT_CONVERSION = YES;
				GCC_WARN_ABOUT_RETURN_TYPE = YES_ERROR;
				GCC_WARN_UNDECLARED_SELECTOR = YES;
				GCC_WARN_UNINITIALIZED_AUTOS = YES_AGGRESSIVE;
				GCC_WARN_UNUSED_FUNCTION = YES;
				GCC_WARN_UNUSED_VARIABLE = YES;
				IPHONEOS_DEPLOYMENT_TARGET = 16.2;
				MTL_ENABLE_DEBUG_INFO = NO;
				MTL_FAST_MATH = YES;
				SDKROOT = iphoneos;
				SWIFT_COMPILATION_MODE = wholemodule;
				SWIFT_OPTIMIZATION_LEVEL = "-O";
				VALIDATE_PRODUCT = YES;
			};
			name = Release;
		};
		6049BF9A2A14C00700C369AA /* Debug */ = {
			isa = XCBuildConfiguration;
			buildSettings = {
				ASSETCATALOG_COMPILER_APPICON_NAME = AppIcon;
				ASSETCATALOG_COMPILER_GLOBAL_ACCENT_COLOR_NAME = AccentColor;
				ASSETCATALOG_COMPILER_INCLUDE_ALL_APPICON_ASSETS = NO;
				CODE_SIGN_STYLE = Automatic;
				CURRENT_PROJECT_VERSION = 1;
				DEVELOPMENT_TEAM = 9MX67U3XNZ;
				GENERATE_INFOPLIST_FILE = YES;
				INFOPLIST_FILE = FitnessFlow/Info.plist;
				INFOPLIST_KEY_UIApplicationSupportsIndirectInputEvents = YES;
				INFOPLIST_KEY_UILaunchStoryboardName = LaunchScreen.storyboard;
				INFOPLIST_KEY_UISupportedInterfaceOrientations_iPad = "UIInterfaceOrientationPortrait UIInterfaceOrientationPortraitUpsideDown UIInterfaceOrientationLandscapeLeft UIInterfaceOrientationLandscapeRight";
				INFOPLIST_KEY_UISupportedInterfaceOrientations_iPhone = "UIInterfaceOrientationPortrait UIInterfaceOrientationLandscapeLeft UIInterfaceOrientationLandscapeRight";
				LD_RUNPATH_SEARCH_PATHS = (
					"$(inherited)",
					"@executable_path/Frameworks",
				);
				MARKETING_VERSION = 1.0;
				PRODUCT_BUNDLE_IDENTIFIER = dev.punkintosh.FitnessFlow;
				PRODUCT_NAME = "$(TARGET_NAME)";
				SWIFT_EMIT_LOC_STRINGS = YES;
				SWIFT_VERSION = 5.0;
				TARGETED_DEVICE_FAMILY = "1,2";
			};
			name = Debug;
		};
		6049BF9B2A14C00700C369AA /* Release */ = {
			isa = XCBuildConfiguration;
			buildSettings = {
				ASSETCATALOG_COMPILER_APPICON_NAME = AppIcon;
				ASSETCATALOG_COMPILER_GLOBAL_ACCENT_COLOR_NAME = AccentColor;
				ASSETCATALOG_COMPILER_INCLUDE_ALL_APPICON_ASSETS = NO;
				CODE_SIGN_STYLE = Automatic;
				CURRENT_PROJECT_VERSION = 1;
				DEVELOPMENT_TEAM = 9MX67U3XNZ;
				GENERATE_INFOPLIST_FILE = YES;
				INFOPLIST_FILE = FitnessFlow/Info.plist;
				INFOPLIST_KEY_UIApplicationSupportsIndirectInputEvents = YES;
				INFOPLIST_KEY_UILaunchStoryboardName = LaunchScreen.storyboard;
				INFOPLIST_KEY_UISupportedInterfaceOrientations_iPad = "UIInterfaceOrientationPortrait UIInterfaceOrientationPortraitUpsideDown UIInterfaceOrientationLandscapeLeft UIInterfaceOrientationLandscapeRight";
				INFOPLIST_KEY_UISupportedInterfaceOrientations_iPhone = "UIInterfaceOrientationPortrait UIInterfaceOrientationLandscapeLeft UIInterfaceOrientationLandscapeRight";
				LD_RUNPATH_SEARCH_PATHS = (
					"$(inherited)",
					"@executable_path/Frameworks",
				);
				MARKETING_VERSION = 1.0;
				PRODUCT_BUNDLE_IDENTIFIER = dev.punkintosh.FitnessFlow;
				PRODUCT_NAME = "$(TARGET_NAME)";
				SWIFT_EMIT_LOC_STRINGS = YES;
				SWIFT_VERSION = 5.0;
				TARGETED_DEVICE_FAMILY = "1,2";
			};
			name = Release;
		};
/* End XCBuildConfiguration section */

/* Begin XCConfigurationList section */
		6049BF802A14C00400C369AA /* Build configuration list for PBXProject "FitnessFlow" */ = {
			isa = XCConfigurationList;
			buildConfigurations = (
				6049BF972A14C00700C369AA /* Debug */,
				6049BF982A14C00700C369AA /* Release */,
			);
			defaultConfigurationIsVisible = 0;
			defaultConfigurationName = Release;
		};
		6049BF992A14C00700C369AA /* Build configuration list for PBXNativeTarget "FitnessFlow" */ = {
			isa = XCConfigurationList;
			buildConfigurations = (
				6049BF9A2A14C00700C369AA /* Debug */,
				6049BF9B2A14C00700C369AA /* Release */,
			);
			defaultConfigurationIsVisible = 0;
			defaultConfigurationName = Release;
		};
/* End XCConfigurationList section */

/* Begin XCRemoteSwiftPackageReference section */
		6049BF9F2A14D28600C369AA /* XCRemoteSwiftPackageReference "SnapKit" */ = {
			isa = XCRemoteSwiftPackageReference;
			repositoryURL = "https://github.com/SnapKit/SnapKit.git";
			requirement = {
				branch = develop;
				kind = branch;
			};
		};
		6062D7322A1A017C008B05A9 /* XCRemoteSwiftPackageReference "SDWebImage" */ = {
			isa = XCRemoteSwiftPackageReference;
			repositoryURL = "https://github.com/SDWebImage/SDWebImage.git";
			requirement = {
				kind = upToNextMajorVersion;
				minimumVersion = 5.0.0;
			};
		};
		607F0EDD2A1666D70047DAB2 /* XCRemoteSwiftPackageReference "MBProgressHUD" */ = {
			isa = XCRemoteSwiftPackageReference;
			repositoryURL = "https://github.com/jdg/MBProgressHUD";
			requirement = {
				kind = upToNextMajorVersion;
				minimumVersion = 1.0.0;
			};
		};
		609F20BB2A2330CE001E3D37 /* XCRemoteSwiftPackageReference "youtube-ios-player-helper" */ = {
			isa = XCRemoteSwiftPackageReference;
			repositoryURL = "https://github.com/youtube/youtube-ios-player-helper";
			requirement = {
				kind = upToNextMajorVersion;
				minimumVersion = 1.0.0;
			};
		};
		60A466382A167D62003609B3 /* XCRemoteSwiftPackageReference "firebase-ios-sdk" */ = {
			isa = XCRemoteSwiftPackageReference;
			repositoryURL = "https://github.com/firebase/firebase-ios-sdk";
			requirement = {
				kind = upToNextMajorVersion;
				minimumVersion = 9.0.0;
			};
		};
/* End XCRemoteSwiftPackageReference section */

/* Begin XCSwiftPackageProductDependency section */
		6049BFA02A14D28600C369AA /* SnapKit */ = {
			isa = XCSwiftPackageProductDependency;
			package = 6049BF9F2A14D28600C369AA /* XCRemoteSwiftPackageReference "SnapKit" */;
			productName = SnapKit;
		};
		6062D7332A1A017C008B05A9 /* SDWebImage */ = {
			isa = XCSwiftPackageProductDependency;
			package = 6062D7322A1A017C008B05A9 /* XCRemoteSwiftPackageReference "SDWebImage" */;
			productName = SDWebImage;
		};
		607F0EDE2A1666D70047DAB2 /* MBProgressHUD */ = {
			isa = XCSwiftPackageProductDependency;
			package = 607F0EDD2A1666D70047DAB2 /* XCRemoteSwiftPackageReference "MBProgressHUD" */;
			productName = MBProgressHUD;
		};
		609F20BC2A2330CE001E3D37 /* YouTubeiOSPlayerHelper */ = {
			isa = XCSwiftPackageProductDependency;
			package = 609F20BB2A2330CE001E3D37 /* XCRemoteSwiftPackageReference "youtube-ios-player-helper" */;
			productName = YouTubeiOSPlayerHelper;
		};
		60A466392A167D62003609B3 /* FirebaseAnalytics */ = {
			isa = XCSwiftPackageProductDependency;
			package = 60A466382A167D62003609B3 /* XCRemoteSwiftPackageReference "firebase-ios-sdk" */;
			productName = FirebaseAnalytics;
		};
		60A4663B2A167D62003609B3 /* FirebaseAuth */ = {
			isa = XCSwiftPackageProductDependency;
			package = 60A466382A167D62003609B3 /* XCRemoteSwiftPackageReference "firebase-ios-sdk" */;
			productName = FirebaseAuth;
		};
		60A4663D2A167D62003609B3 /* FirebaseFirestore */ = {
			isa = XCSwiftPackageProductDependency;
			package = 60A466382A167D62003609B3 /* XCRemoteSwiftPackageReference "firebase-ios-sdk" */;
			productName = FirebaseFirestore;
		};
/* End XCSwiftPackageProductDependency section */
	};
	rootObject = 6049BF7D2A14C00400C369AA /* Project object */;
}
